
Microsoft Visual Studio Solution File, Format Version 12.00
# Visual Studio Version 16
VisualStudioVersion = 16.0.29728.190
MinimumVisualStudioVersion = 10.0.40219.1
Project("{FAE04EC0-301F-11D3-BF4B-00C04F79EFBC}") = "samle", "samle\samle.csproj", "{CC5597B9-027A-4B18-B105-F185F1256A6C}"
EndProject
Global
	GlobalSection(SolutionConfigurationPlatforms) = preSolution
		Debug|Any CPU = Debug|Any CPU
		Release|Any CPU = Release|Any CPU
	EndGlobalSection
	GlobalSection(ProjectConfigurationPlatforms) = postSolution
		{CC5597B9-027A-4B18-B105-F185F1256A6C}.Debug|Any CPU.ActiveCfg = Debug|Any CPU
		{CC5597B9-027A-4B18-B105-F185F1256A6C}.Debug|Any CPU.Build.0 = Debug|Any CPU
		{CC5597B9-027A-4B18-B105-F185F1256A6C}.Release|Any CPU.ActiveCfg = Release|Any CPU
		{CC5597B9-027A-4B18-B105-F185F1256A6C}.Release|Any CPU.Build.0 = Release|Any CPU
	EndGlobalSection
	GlobalSection(SolutionProperties) = preSolution
		HideSolutionNode = FALSE
	EndGlobalSection
	GlobalSection(ExtensibilityGlobals) = postSolution
		SolutionGuid = {8CF20A3B-73AD-49E8-AF75-1D70C7B85E57}
	EndGlobalSection
EndGlobal
